{
  "name": "show_tool",
  "version": "1.0.0",
  "lockfileVersion": 1,
  "requires": true,
  "dependencies": {
    "cover-get-dom-json": {
      "version": "1.0.5",
      "resolved": "http://newrepo.corp.qunar.com/artifactory/api/npm/npm-qunar/cover-get-dom-json/download/cover-get-dom-json-1.0.5.tgz",
      "integrity": "sha1-pzDe5axD5S/3GEriZhHVn/x9kdo=",
      "requires": {
        "himalaya": "^1.1.0"
      }
    },
    "cover-get-dom-node-by-tagname": {
      "version": "1.0.1",
      "resolved": "http://newrepo.corp.qunar.com/artifactory/api/npm/npm-qunar/cover-get-dom-node-by-tagname/download/cover-get-dom-node-by-tagname-1.0.1.tgz",
      "integrity": "sha1-XYMLadYtLHbI/v8iUm9cW+7aRe4=",
      "requires": {
        "cover-get-dom-json": "^1.0.5"
      }
    },
    "himalaya": {
      "version": "1.1.0",
      "resolved": "http://newrepo.corp.qunar.com/artifactory/api/npm/npm-qunar/himalaya/download/himalaya-1.1.0.tgz",
      "integrity": "sha1-MXJK6dNXFM18b0vpSIiVPzYEYGo="
    }
  }
}
